
Microsoft Visual Studio Solution File, Format Version 12.00
# Visual Studio Version 17
VisualStudioVersion = 17.4.33403.182
MinimumVisualStudioVersion = 10.0.40219.1
Project("{9A19103F-16F7-4668-BE54-9A1E7A4F7556}") = "Homies", "Homies.csproj", "{EE2862F1-689B-4F2C-AA7A-1188FE8B92CF}"
EndProject
Global
	GlobalSection(SolutionConfigurationPlatforms) = preSolution
		Debug|Any CPU = Debug|Any CPU
		Release|Any CPU = Release|Any CPU
	EndGlobalSection
	GlobalSection(ProjectConfigurationPlatforms) = postSolution
		{EE2862F1-689B-4F2C-AA7A-1188FE8B92CF}.Debug|Any CPU.ActiveCfg = Debug|Any CPU
		{EE2862F1-689B-4F2C-AA7A-1188FE8B92CF}.Debug|Any CPU.Build.0 = Debug|Any CPU
		{EE2862F1-689B-4F2C-AA7A-1188FE8B92CF}.Release|Any CPU.ActiveCfg = Release|Any CPU
		{EE2862F1-689B-4F2C-AA7A-1188FE8B92CF}.Release|Any CPU.Build.0 = Release|Any CPU
	EndGlobalSection
	GlobalSection(SolutionProperties) = preSolution
		HideSolutionNode = FALSE
	EndGlobalSection
	GlobalSection(ExtensibilityGlobals) = postSolution
		SolutionGuid = {1959B871-8AAD-4E97-AE13-D77BC214015A}
	EndGlobalSection
EndGlobal
