
Microsoft Visual Studio Solution File, Format Version 12.00
# Visual Studio Version 17
VisualStudioVersion = 17.4.33403.182
MinimumVisualStudioVersion = 10.0.40219.1
Project("{FAE04EC0-301F-11D3-BF4B-00C04F79EFBC}") = "ChatApp", "ChatApp.csproj", "{5E24B0F0-681E-461F-863A-A9B27D3B5C55}"
EndProject
Global
	GlobalSection(SolutionConfigurationPlatforms) = preSolution
		Debug|Any CPU = Debug|Any CPU
		Release|Any CPU = Release|Any CPU
	EndGlobalSection
	GlobalSection(ProjectConfigurationPlatforms) = postSolution
		{5E24B0F0-681E-461F-863A-A9B27D3B5C55}.Debug|Any CPU.ActiveCfg = Debug|Any CPU
		{5E24B0F0-681E-461F-863A-A9B27D3B5C55}.Debug|Any CPU.Build.0 = Debug|Any CPU
		{5E24B0F0-681E-461F-863A-A9B27D3B5C55}.Release|Any CPU.ActiveCfg = Release|Any CPU
		{5E24B0F0-681E-461F-863A-A9B27D3B5C55}.Release|Any CPU.Build.0 = Release|Any CPU
	EndGlobalSection
	GlobalSection(SolutionProperties) = preSolution
		HideSolutionNode = FALSE
	EndGlobalSection
	GlobalSection(ExtensibilityGlobals) = postSolution
		SolutionGuid = {0066B9E1-0C63-429A-98F7-48630CDAFBDC}
	EndGlobalSection
EndGlobal
